
Microsoft Visual Studio Solution File, Format Version 12.00
# Visual Studio Version 16
VisualStudioVersion = 16.0.30114.105
MinimumVisualStudioVersion = 10.0.40219.1
Project("{FAE04EC0-301F-11D3-BF4B-00C04F79EFBC}") = "API", "API\API.csproj", "{B1492591-7F13-4EA3-8529-2DAC903243AE}"
EndProject
Project("{FAE04EC0-301F-11D3-BF4B-00C04F79EFBC}") = "Application", "Application\Application.csproj", "{1B417E17-9E1F-4755-93B3-54019363F826}"
EndProject
Project("{FAE04EC0-301F-11D3-BF4B-00C04F79EFBC}") = "Domain", "Domain\Domain.csproj", "{2F799B23-CE3F-4B3B-90B4-F3685E98880B}"
EndProject
Project("{FAE04EC0-301F-11D3-BF4B-00C04F79EFBC}") = "Persistence", "Persistence\Persistence.csproj", "{C0F0D0C4-2AA0-452D-A51D-A9A86A494EEF}"
EndProject
Global
	GlobalSection(SolutionConfigurationPlatforms) = preSolution
		Debug|Any CPU = Debug|Any CPU
		Debug|x64 = Debug|x64
		Debug|x86 = Debug|x86
		Release|Any CPU = Release|Any CPU
		Release|x64 = Release|x64
		Release|x86 = Release|x86
	EndGlobalSection
	GlobalSection(SolutionProperties) = preSolution
		HideSolutionNode = FALSE
	EndGlobalSection
	GlobalSection(ProjectConfigurationPlatforms) = postSolution
		{B1492591-7F13-4EA3-8529-2DAC903243AE}.Debug|Any CPU.ActiveCfg = Debug|Any CPU
		{B1492591-7F13-4EA3-8529-2DAC903243AE}.Debug|Any CPU.Build.0 = Debug|Any CPU
		{B1492591-7F13-4EA3-8529-2DAC903243AE}.Debug|x64.ActiveCfg = Debug|Any CPU
		{B1492591-7F13-4EA3-8529-2DAC903243AE}.Debug|x64.Build.0 = Debug|Any CPU
		{B1492591-7F13-4EA3-8529-2DAC903243AE}.Debug|x86.ActiveCfg = Debug|Any CPU
		{B1492591-7F13-4EA3-8529-2DAC903243AE}.Debug|x86.Build.0 = Debug|Any CPU
		{B1492591-7F13-4EA3-8529-2DAC903243AE}.Release|Any CPU.ActiveCfg = Release|Any CPU
		{B1492591-7F13-4EA3-8529-2DAC903243AE}.Release|Any CPU.Build.0 = Release|Any CPU
		{B1492591-7F13-4EA3-8529-2DAC903243AE}.Release|x64.ActiveCfg = Release|Any CPU
		{B1492591-7F13-4EA3-8529-2DAC903243AE}.Release|x64.Build.0 = Release|Any CPU
		{B1492591-7F13-4EA3-8529-2DAC903243AE}.Release|x86.ActiveCfg = Release|Any CPU
		{B1492591-7F13-4EA3-8529-2DAC903243AE}.Release|x86.Build.0 = Release|Any CPU
		{1B417E17-9E1F-4755-93B3-54019363F826}.Debug|Any CPU.ActiveCfg = Debug|Any CPU
		{1B417E17-9E1F-4755-93B3-54019363F826}.Debug|Any CPU.Build.0 = Debug|Any CPU
		{1B417E17-9E1F-4755-93B3-54019363F826}.Debug|x64.ActiveCfg = Debug|Any CPU
		{1B417E17-9E1F-4755-93B3-54019363F826}.Debug|x64.Build.0 = Debug|Any CPU
		{1B417E17-9E1F-4755-93B3-54019363F826}.Debug|x86.ActiveCfg = Debug|Any CPU
		{1B417E17-9E1F-4755-93B3-54019363F826}.Debug|x86.Build.0 = Debug|Any CPU
		{1B417E17-9E1F-4755-93B3-54019363F826}.Release|Any CPU.ActiveCfg = Release|Any CPU
		{1B417E17-9E1F-4755-93B3-54019363F826}.Release|Any CPU.Build.0 = Release|Any CPU
		{1B417E17-9E1F-4755-93B3-54019363F826}.Release|x64.ActiveCfg = Release|Any CPU
		{1B417E17-9E1F-4755-93B3-54019363F826}.Release|x64.Build.0 = Release|Any CPU
		{1B417E17-9E1F-4755-93B3-54019363F826}.Release|x86.ActiveCfg = Release|Any CPU
		{1B417E17-9E1F-4755-93B3-54019363F826}.Release|x86.Build.0 = Release|Any CPU
		{2F799B23-CE3F-4B3B-90B4-F3685E98880B}.Debug|Any CPU.ActiveCfg = Debug|Any CPU
		{2F799B23-CE3F-4B3B-90B4-F3685E98880B}.Debug|Any CPU.Build.0 = Debug|Any CPU
		{2F799B23-CE3F-4B3B-90B4-F3685E98880B}.Debug|x64.ActiveCfg = Debug|Any CPU
		{2F799B23-CE3F-4B3B-90B4-F3685E98880B}.Debug|x64.Build.0 = Debug|Any CPU
		{2F799B23-CE3F-4B3B-90B4-F3685E98880B}.Debug|x86.ActiveCfg = Debug|Any CPU
		{2F799B23-CE3F-4B3B-90B4-F3685E98880B}.Debug|x86.Build.0 = Debug|Any CPU
		{2F799B23-CE3F-4B3B-90B4-F3685E98880B}.Release|Any CPU.ActiveCfg = Release|Any CPU
		{2F799B23-CE3F-4B3B-90B4-F3685E98880B}.Release|Any CPU.Build.0 = Release|Any CPU
		{2F799B23-CE3F-4B3B-90B4-F3685E98880B}.Release|x64.ActiveCfg = Release|Any CPU
		{2F799B23-CE3F-4B3B-90B4-F3685E98880B}.Release|x64.Build.0 = Release|Any CPU
		{2F799B23-CE3F-4B3B-90B4-F3685E98880B}.Release|x86.ActiveCfg = Release|Any CPU
		{2F799B23-CE3F-4B3B-90B4-F3685E98880B}.Release|x86.Build.0 = Release|Any CPU
		{C0F0D0C4-2AA0-452D-A51D-A9A86A494EEF}.Debug|Any CPU.ActiveCfg = Debug|Any CPU
		{C0F0D0C4-2AA0-452D-A51D-A9A86A494EEF}.Debug|Any CPU.Build.0 = Debug|Any CPU
		{C0F0D0C4-2AA0-452D-A51D-A9A86A494EEF}.Debug|x64.ActiveCfg = Debug|Any CPU
		{C0F0D0C4-2AA0-452D-A51D-A9A86A494EEF}.Debug|x64.Build.0 = Debug|Any CPU
		{C0F0D0C4-2AA0-452D-A51D-A9A86A494EEF}.Debug|x86.ActiveCfg = Debug|Any CPU
		{C0F0D0C4-2AA0-452D-A51D-A9A86A494EEF}.Debug|x86.Build.0 = Debug|Any CPU
		{C0F0D0C4-2AA0-452D-A51D-A9A86A494EEF}.Release|Any CPU.ActiveCfg = Release|Any CPU
		{C0F0D0C4-2AA0-452D-A51D-A9A86A494EEF}.Release|Any CPU.Build.0 = Release|Any CPU
		{C0F0D0C4-2AA0-452D-A51D-A9A86A494EEF}.Release|x64.ActiveCfg = Release|Any CPU
		{C0F0D0C4-2AA0-452D-A51D-A9A86A494EEF}.Release|x64.Build.0 = Release|Any CPU
		{C0F0D0C4-2AA0-452D-A51D-A9A86A494EEF}.Release|x86.ActiveCfg = Release|Any CPU
		{C0F0D0C4-2AA0-452D-A51D-A9A86A494EEF}.Release|x86.Build.0 = Release|Any CPU
	EndGlobalSection
EndGlobal
